
Microsoft Visual Studio Solution File, Format Version 12.00
# Visual Studio Version 17
VisualStudioVersion = 17.7.34018.315
MinimumVisualStudioVersion = 10.0.40219.1
Project("{FAE04EC0-301F-11D3-BF4B-00C04F79EFBC}") = "Entities", "Entities\Entities.csproj", "{67C7A3EC-8419-4698-B5C5-1215EB1813DA}"
EndProject
Project("{2150E333-8FDC-42A3-9474-1A3956D46DE8}") = "1 - APIs", "1 - APIs", "{9F620F1F-FA2F-4E59-8B71-F91B466CDB87}"
EndProject
Project("{2150E333-8FDC-42A3-9474-1A3956D46DE8}") = "2 - Domain", "2 - Domain", "{926A1C2F-7BDC-494B-A396-7F0E2AA21F7F}"
EndProject
Project("{2150E333-8FDC-42A3-9474-1A3956D46DE8}") = "3 - Infra", "3 - Infra", "{AE3E96B5-E1B6-49D7-BCE1-77896FE57A79}"
EndProject
Project("{2150E333-8FDC-42A3-9474-1A3956D46DE8}") = "4 - Entities", "4 - Entities", "{0F692BC2-D03F-44AB-9B8F-83493B60289A}"
EndProject
Project("{2150E333-8FDC-42A3-9474-1A3956D46DE8}") = "5 - Tests", "5 - Tests", "{7D926C60-E791-4C90-8449-1A4634BFD515}"
EndProject
Project("{FAE04EC0-301F-11D3-BF4B-00C04F79EFBC}") = "Infrastructure", "Infrastructure\Infrastructure.csproj", "{798DBC67-69E4-4F01-ACDF-78721682410D}"
EndProject
Project("{FAE04EC0-301F-11D3-BF4B-00C04F79EFBC}") = "Domain", "Domain\Domain.csproj", "{BA02B7E1-9F07-44C9-BA17-0F9857173907}"
EndProject
Project("{FAE04EC0-301F-11D3-BF4B-00C04F79EFBC}") = "WebAPIs", "WebAPIs\WebAPIs.csproj", "{9B39CDE8-CF52-4535-9BC1-6671CC2132B2}"
EndProject
Global
	GlobalSection(SolutionConfigurationPlatforms) = preSolution
		Debug|Any CPU = Debug|Any CPU
		Release|Any CPU = Release|Any CPU
	EndGlobalSection
	GlobalSection(ProjectConfigurationPlatforms) = postSolution
		{67C7A3EC-8419-4698-B5C5-1215EB1813DA}.Debug|Any CPU.ActiveCfg = Debug|Any CPU
		{67C7A3EC-8419-4698-B5C5-1215EB1813DA}.Debug|Any CPU.Build.0 = Debug|Any CPU
		{67C7A3EC-8419-4698-B5C5-1215EB1813DA}.Release|Any CPU.ActiveCfg = Release|Any CPU
		{67C7A3EC-8419-4698-B5C5-1215EB1813DA}.Release|Any CPU.Build.0 = Release|Any CPU
		{798DBC67-69E4-4F01-ACDF-78721682410D}.Debug|Any CPU.ActiveCfg = Debug|Any CPU
		{798DBC67-69E4-4F01-ACDF-78721682410D}.Debug|Any CPU.Build.0 = Debug|Any CPU
		{798DBC67-69E4-4F01-ACDF-78721682410D}.Release|Any CPU.ActiveCfg = Release|Any CPU
		{798DBC67-69E4-4F01-ACDF-78721682410D}.Release|Any CPU.Build.0 = Release|Any CPU
		{BA02B7E1-9F07-44C9-BA17-0F9857173907}.Debug|Any CPU.ActiveCfg = Debug|Any CPU
		{BA02B7E1-9F07-44C9-BA17-0F9857173907}.Debug|Any CPU.Build.0 = Debug|Any CPU
		{BA02B7E1-9F07-44C9-BA17-0F9857173907}.Release|Any CPU.ActiveCfg = Release|Any CPU
		{BA02B7E1-9F07-44C9-BA17-0F9857173907}.Release|Any CPU.Build.0 = Release|Any CPU
		{9B39CDE8-CF52-4535-9BC1-6671CC2132B2}.Debug|Any CPU.ActiveCfg = Debug|Any CPU
		{9B39CDE8-CF52-4535-9BC1-6671CC2132B2}.Debug|Any CPU.Build.0 = Debug|Any CPU
		{9B39CDE8-CF52-4535-9BC1-6671CC2132B2}.Release|Any CPU.ActiveCfg = Release|Any CPU
		{9B39CDE8-CF52-4535-9BC1-6671CC2132B2}.Release|Any CPU.Build.0 = Release|Any CPU
	EndGlobalSection
	GlobalSection(SolutionProperties) = preSolution
		HideSolutionNode = FALSE
	EndGlobalSection
	GlobalSection(NestedProjects) = preSolution
		{67C7A3EC-8419-4698-B5C5-1215EB1813DA} = {0F692BC2-D03F-44AB-9B8F-83493B60289A}
		{798DBC67-69E4-4F01-ACDF-78721682410D} = {AE3E96B5-E1B6-49D7-BCE1-77896FE57A79}
		{BA02B7E1-9F07-44C9-BA17-0F9857173907} = {926A1C2F-7BDC-494B-A396-7F0E2AA21F7F}
		{9B39CDE8-CF52-4535-9BC1-6671CC2132B2} = {9F620F1F-FA2F-4E59-8B71-F91B466CDB87}
	EndGlobalSection
	GlobalSection(ExtensibilityGlobals) = postSolution
		SolutionGuid = {B1C0678A-7612-45F1-B972-CFFBE1DE0EC6}
	EndGlobalSection
EndGlobal
